github.com/libui-ng/golang-ui v0.0.0-20230331052320-13dec0981460 h1:+D5DQimWDP/ZiV3956+9aZC6bmrFZKS+nQL+HStOiuM=
github.com/libui-ng/golang-ui v0.0.0-20230331052320-13dec0981460/go.mod h1:g/A5zMH2kHpEPtNi5r/pvuOv2BHt6L2BEop6vqnk5iU=
github.com/skratchdot/open-golang v0.0.0-20200116055534-eef842397966 h1:JIAuq3EEf9cgbU6AtGPK4CTG3Zf6CKMNqf0MHTggAUA=
github.com/skratchdot/open-golang v0.0.0-20200116055534-eef842397966/go.mod h1:sUM3LWHvSMaG192sy56D9F7CNvL7jUJVXoqM1QKLnog=
